
Microsoft Visual Studio Solution File, Format Version 12.00
# Visual Studio Version 17
VisualStudioVersion = 17.7.34003.232
MinimumVisualStudioVersion = 10.0.40219.1
Project("{9A19103F-16F7-4668-BE54-9A1E7A4F7556}") = "WpfApp2", "WpfApp2\WpfApp2.csproj", "{52F8422C-F522-465A-9494-D8AB5B050510}"
EndProject
Global
	GlobalSection(SolutionConfigurationPlatforms) = preSolution
		Debug|Any CPU = Debug|Any CPU
		Release|Any CPU = Release|Any CPU
	EndGlobalSection
	GlobalSection(ProjectConfigurationPlatforms) = postSolution
		{52F8422C-F522-465A-9494-D8AB5B050510}.Debug|Any CPU.ActiveCfg = Debug|Any CPU
		{52F8422C-F522-465A-9494-D8AB5B050510}.Debug|Any CPU.Build.0 = Debug|Any CPU
		{52F8422C-F522-465A-9494-D8AB5B050510}.Release|Any CPU.ActiveCfg = Release|Any CPU
		{52F8422C-F522-465A-9494-D8AB5B050510}.Release|Any CPU.Build.0 = Release|Any CPU
	EndGlobalSection
	GlobalSection(SolutionProperties) = preSolution
		HideSolutionNode = FALSE
	EndGlobalSection
	GlobalSection(ExtensibilityGlobals) = postSolution
		SolutionGuid = {D516B3F3-C9E7-4EC9-B0CB-EA1A05A3A275}
	EndGlobalSection
EndGlobal
